
Microsoft Visual Studio Solution File, Format Version 12.00
# Visual Studio 15
VisualStudioVersion = 15.0.27004.2005
MinimumVisualStudioVersion = 10.0.40219.1
Project("{FAE04EC0-301F-11D3-BF4B-00C04F79EFBC}") = "SwissTransport", "src\SwissTransport\SwissTransport.csproj", "{D0262178-A48F-4DE0-807B-E76B63E39421}"
EndProject
Project("{FAE04EC0-301F-11D3-BF4B-00C04F79EFBC}") = "SwissTransportTest", "tests\SwissTransportTest\SwissTransportTest.csproj", "{959C6E54-5B1C-40F5-938A-C57B17451421}"
EndProject
Project("{FAE04EC0-301F-11D3-BF4B-00C04F79EFBC}") = "Fahrplan.cs", "Fahrplan.cs\Fahrplan.cs.csproj", "{72300E3A-69FA-4329-ACDF-4964E658D53A}"
EndProject
Project("{840C416C-B8F3-42BC-B0DD-F6BB14C9F8CB}") = "Fahrplan", "Fahrplan\Fahrplan.aiproj", "{46C2A940-6135-4CC2-BB21-0EE69CC92C02}"
EndProject
Global
	GlobalSection(SolutionConfigurationPlatforms) = preSolution
		All|Any CPU = All|Any CPU
		Debug|Any CPU = Debug|Any CPU
		Release|Any CPU = Release|Any CPU
	EndGlobalSection
	GlobalSection(ProjectConfigurationPlatforms) = postSolution
		{D0262178-A48F-4DE0-807B-E76B63E39421}.All|Any CPU.ActiveCfg = Release|Any CPU
		{D0262178-A48F-4DE0-807B-E76B63E39421}.All|Any CPU.Build.0 = Release|Any CPU
		{D0262178-A48F-4DE0-807B-E76B63E39421}.Debug|Any CPU.ActiveCfg = Debug|Any CPU
		{D0262178-A48F-4DE0-807B-E76B63E39421}.Debug|Any CPU.Build.0 = Debug|Any CPU
		{D0262178-A48F-4DE0-807B-E76B63E39421}.Release|Any CPU.ActiveCfg = Release|Any CPU
		{D0262178-A48F-4DE0-807B-E76B63E39421}.Release|Any CPU.Build.0 = Release|Any CPU
		{959C6E54-5B1C-40F5-938A-C57B17451421}.All|Any CPU.ActiveCfg = Release|Any CPU
		{959C6E54-5B1C-40F5-938A-C57B17451421}.All|Any CPU.Build.0 = Release|Any CPU
		{959C6E54-5B1C-40F5-938A-C57B17451421}.Debug|Any CPU.ActiveCfg = Debug|Any CPU
		{959C6E54-5B1C-40F5-938A-C57B17451421}.Debug|Any CPU.Build.0 = Debug|Any CPU
		{959C6E54-5B1C-40F5-938A-C57B17451421}.Release|Any CPU.ActiveCfg = Release|Any CPU
		{959C6E54-5B1C-40F5-938A-C57B17451421}.Release|Any CPU.Build.0 = Release|Any CPU
		{72300E3A-69FA-4329-ACDF-4964E658D53A}.All|Any CPU.ActiveCfg = Release|Any CPU
		{72300E3A-69FA-4329-ACDF-4964E658D53A}.All|Any CPU.Build.0 = Release|Any CPU
		{72300E3A-69FA-4329-ACDF-4964E658D53A}.Debug|Any CPU.ActiveCfg = Debug|Any CPU
		{72300E3A-69FA-4329-ACDF-4964E658D53A}.Debug|Any CPU.Build.0 = Debug|Any CPU
		{72300E3A-69FA-4329-ACDF-4964E658D53A}.Release|Any CPU.ActiveCfg = Release|Any CPU
		{72300E3A-69FA-4329-ACDF-4964E658D53A}.Release|Any CPU.Build.0 = Release|Any CPU
		{46C2A940-6135-4CC2-BB21-0EE69CC92C02}.All|Any CPU.ActiveCfg = DefaultBuild
		{46C2A940-6135-4CC2-BB21-0EE69CC92C02}.All|Any CPU.Build.0 = DefaultBuild
		{46C2A940-6135-4CC2-BB21-0EE69CC92C02}.Debug|Any CPU.ActiveCfg = DefaultBuild
		{46C2A940-6135-4CC2-BB21-0EE69CC92C02}.Debug|Any CPU.Build.0 = DefaultBuild
		{46C2A940-6135-4CC2-BB21-0EE69CC92C02}.Release|Any CPU.ActiveCfg = DefaultBuild
		{46C2A940-6135-4CC2-BB21-0EE69CC92C02}.Release|Any CPU.Build.0 = DefaultBuild
	EndGlobalSection
	GlobalSection(SolutionProperties) = preSolution
		HideSolutionNode = FALSE
	EndGlobalSection
	GlobalSection(ExtensibilityGlobals) = postSolution
		SolutionGuid = {4515B64D-C25E-47FA-BDC0-B6A8E67129A8}
	EndGlobalSection
EndGlobal
